
Microsoft Visual Studio Solution File, Format Version 12.00
# Visual Studio Version 16
VisualStudioVersion = 16.0.31205.134
MinimumVisualStudioVersion = 10.0.40219.1
Project("{FAE04EC0-301F-11D3-BF4B-00C04F79EFBC}") = "Telerik", "Telerik.csproj", "{51417F8D-DAE8-44F0-8BB1-CCB7D00E0B9C}"
EndProject
Global
	GlobalSection(SolutionConfigurationPlatforms) = preSolution
		Debug|Any CPU = Debug|Any CPU
		Release|Any CPU = Release|Any CPU
	EndGlobalSection
	GlobalSection(ProjectConfigurationPlatforms) = postSolution
		{51417F8D-DAE8-44F0-8BB1-CCB7D00E0B9C}.Debug|Any CPU.ActiveCfg = Debug|Any CPU
		{51417F8D-DAE8-44F0-8BB1-CCB7D00E0B9C}.Debug|Any CPU.Build.0 = Debug|Any CPU
		{51417F8D-DAE8-44F0-8BB1-CCB7D00E0B9C}.Release|Any CPU.ActiveCfg = Release|Any CPU
		{51417F8D-DAE8-44F0-8BB1-CCB7D00E0B9C}.Release|Any CPU.Build.0 = Release|Any CPU
	EndGlobalSection
	GlobalSection(SolutionProperties) = preSolution
		HideSolutionNode = FALSE
	EndGlobalSection
	GlobalSection(ExtensibilityGlobals) = postSolution
		SolutionGuid = {75FF4988-EAF5-4B5D-B3E9-00713E2D5935}
	EndGlobalSection
EndGlobal
